
Microsoft Visual Studio Solution File, Format Version 12.00
# Visual Studio Version 17
VisualStudioVersion = 17.14.36518.9
MinimumVisualStudioVersion = 10.0.40219.1
Project("{FAE04EC0-301F-11D3-BF4B-00C04F79EFBC}") = "AoC2025", "AoC2025.csproj", "{3E4D4258-24EB-42E8-A16F-8C2723267534}"
EndProject
Project("{FAE04EC0-301F-11D3-BF4B-00C04F79EFBC}") = "AoC.Common", "..\AoC\AoC.Common\AoC.Common.csproj", "{F6178708-C615-1F23-B253-798093603F71}"
EndProject
Project("{FAE04EC0-301F-11D3-BF4B-00C04F79EFBC}") = "AoC.Base", "..\AoC\AoC.Base\AoC.Base.csproj", "{8E07846F-3AE6-3C4D-B810-D86916F6C5EA}"
EndProject
Global
	GlobalSection(SolutionConfigurationPlatforms) = preSolution
		Debug|Any CPU = Debug|Any CPU
		Release|Any CPU = Release|Any CPU
	EndGlobalSection
	GlobalSection(ProjectConfigurationPlatforms) = postSolution
		{3E4D4258-24EB-42E8-A16F-8C2723267534}.Debug|Any CPU.ActiveCfg = Debug|Any CPU
		{3E4D4258-24EB-42E8-A16F-8C2723267534}.Debug|Any CPU.Build.0 = Debug|Any CPU
		{3E4D4258-24EB-42E8-A16F-8C2723267534}.Release|Any CPU.ActiveCfg = Release|Any CPU
		{3E4D4258-24EB-42E8-A16F-8C2723267534}.Release|Any CPU.Build.0 = Release|Any CPU
		{F6178708-C615-1F23-B253-798093603F71}.Debug|Any CPU.ActiveCfg = Debug|Any CPU
		{F6178708-C615-1F23-B253-798093603F71}.Debug|Any CPU.Build.0 = Debug|Any CPU
		{F6178708-C615-1F23-B253-798093603F71}.Release|Any CPU.ActiveCfg = Release|Any CPU
		{F6178708-C615-1F23-B253-798093603F71}.Release|Any CPU.Build.0 = Release|Any CPU
		{8E07846F-3AE6-3C4D-B810-D86916F6C5EA}.Debug|Any CPU.ActiveCfg = Debug|Any CPU
		{8E07846F-3AE6-3C4D-B810-D86916F6C5EA}.Debug|Any CPU.Build.0 = Debug|Any CPU
		{8E07846F-3AE6-3C4D-B810-D86916F6C5EA}.Release|Any CPU.ActiveCfg = Release|Any CPU
		{8E07846F-3AE6-3C4D-B810-D86916F6C5EA}.Release|Any CPU.Build.0 = Release|Any CPU
	EndGlobalSection
	GlobalSection(SolutionProperties) = preSolution
		HideSolutionNode = FALSE
	EndGlobalSection
	GlobalSection(ExtensibilityGlobals) = postSolution
		SolutionGuid = {E79CE0BA-BED3-4078-930C-749F25D4DB5B}
	EndGlobalSection
EndGlobal
