
Microsoft Visual Studio Solution File, Format Version 12.00
# Visual Studio Version 16
VisualStudioVersion = 16.0.33027.164
MinimumVisualStudioVersion = 10.0.40219.1
Project("{9A19103F-16F7-4668-BE54-9A1E7A4F7556}") = "AoC2023", "AoC2023.csproj", "{FCA83D40-023A-4396-A9CA-C8B96578B1B1}"
EndProject
Project("{9A19103F-16F7-4668-BE54-9A1E7A4F7556}") = "AoC.Common", "..\AoC.Common\AoC.Common.csproj", "{D388EE5B-FA70-4966-BB06-CF402914431D}"
EndProject
Project("{FAE04EC0-301F-11D3-BF4B-00C04F79EFBC}") = "AoCBase2", "..\AoCBase2\AoCBase2.csproj", "{2BEAB859-7FDB-4E45-A595-B1F3624CC399}"
EndProject
Global
	GlobalSection(SolutionConfigurationPlatforms) = preSolution
		Debug|Any CPU = Debug|Any CPU
		Release|Any CPU = Release|Any CPU
	EndGlobalSection
	GlobalSection(ProjectConfigurationPlatforms) = postSolution
		{FCA83D40-023A-4396-A9CA-C8B96578B1B1}.Debug|Any CPU.ActiveCfg = Debug|Any CPU
		{FCA83D40-023A-4396-A9CA-C8B96578B1B1}.Debug|Any CPU.Build.0 = Debug|Any CPU
		{FCA83D40-023A-4396-A9CA-C8B96578B1B1}.Release|Any CPU.ActiveCfg = Release|Any CPU
		{FCA83D40-023A-4396-A9CA-C8B96578B1B1}.Release|Any CPU.Build.0 = Release|Any CPU
		{D388EE5B-FA70-4966-BB06-CF402914431D}.Debug|Any CPU.ActiveCfg = Debug|Any CPU
		{D388EE5B-FA70-4966-BB06-CF402914431D}.Debug|Any CPU.Build.0 = Debug|Any CPU
		{D388EE5B-FA70-4966-BB06-CF402914431D}.Release|Any CPU.ActiveCfg = Release|Any CPU
		{D388EE5B-FA70-4966-BB06-CF402914431D}.Release|Any CPU.Build.0 = Release|Any CPU
		{2BEAB859-7FDB-4E45-A595-B1F3624CC399}.Debug|Any CPU.ActiveCfg = Debug|Any CPU
		{2BEAB859-7FDB-4E45-A595-B1F3624CC399}.Debug|Any CPU.Build.0 = Debug|Any CPU
		{2BEAB859-7FDB-4E45-A595-B1F3624CC399}.Release|Any CPU.ActiveCfg = Release|Any CPU
		{2BEAB859-7FDB-4E45-A595-B1F3624CC399}.Release|Any CPU.Build.0 = Release|Any CPU
	EndGlobalSection
	GlobalSection(SolutionProperties) = preSolution
		HideSolutionNode = FALSE
	EndGlobalSection
	GlobalSection(ExtensibilityGlobals) = postSolution
		SolutionGuid = {38D79AD6-10ED-4D96-AE9C-9F08452FEB93}
	EndGlobalSection
EndGlobal
