
Microsoft Visual Studio Solution File, Format Version 12.00
# Visual Studio Version 16
VisualStudioVersion = 16.0.33027.164
MinimumVisualStudioVersion = 10.0.40219.1
Project("{9A19103F-16F7-4668-BE54-9A1E7A4F7556}") = "AoC2022", "AoC2022.csproj", "{14D74FE0-E8B0-4791-81B6-A9EE0B37B697}"
EndProject
Project("{9A19103F-16F7-4668-BE54-9A1E7A4F7556}") = "AoC.Common", "..\AoC.Common\AoC.Common.csproj", "{17BA4B58-0608-486B-91BE-53625629BBE2}"
EndProject
Project("{9A19103F-16F7-4668-BE54-9A1E7A4F7556}") = "AoC.Base", "..\AoC.Base\AoC.Base.csproj", "{13B89ED5-6EEB-4C07-890A-391655DFACEA}"
EndProject
Global
	GlobalSection(SolutionConfigurationPlatforms) = preSolution
		Debug|Any CPU = Debug|Any CPU
		Release|Any CPU = Release|Any CPU
	EndGlobalSection
	GlobalSection(ProjectConfigurationPlatforms) = postSolution
		{14D74FE0-E8B0-4791-81B6-A9EE0B37B697}.Debug|Any CPU.ActiveCfg = Debug|Any CPU
		{14D74FE0-E8B0-4791-81B6-A9EE0B37B697}.Debug|Any CPU.Build.0 = Debug|Any CPU
		{14D74FE0-E8B0-4791-81B6-A9EE0B37B697}.Release|Any CPU.ActiveCfg = Release|Any CPU
		{14D74FE0-E8B0-4791-81B6-A9EE0B37B697}.Release|Any CPU.Build.0 = Release|Any CPU
		{17BA4B58-0608-486B-91BE-53625629BBE2}.Debug|Any CPU.ActiveCfg = Debug|Any CPU
		{17BA4B58-0608-486B-91BE-53625629BBE2}.Debug|Any CPU.Build.0 = Debug|Any CPU
		{17BA4B58-0608-486B-91BE-53625629BBE2}.Release|Any CPU.ActiveCfg = Release|Any CPU
		{17BA4B58-0608-486B-91BE-53625629BBE2}.Release|Any CPU.Build.0 = Release|Any CPU
		{13B89ED5-6EEB-4C07-890A-391655DFACEA}.Debug|Any CPU.ActiveCfg = Debug|Any CPU
		{13B89ED5-6EEB-4C07-890A-391655DFACEA}.Debug|Any CPU.Build.0 = Debug|Any CPU
		{13B89ED5-6EEB-4C07-890A-391655DFACEA}.Release|Any CPU.ActiveCfg = Release|Any CPU
		{13B89ED5-6EEB-4C07-890A-391655DFACEA}.Release|Any CPU.Build.0 = Release|Any CPU
	EndGlobalSection
	GlobalSection(SolutionProperties) = preSolution
		HideSolutionNode = FALSE
	EndGlobalSection
	GlobalSection(ExtensibilityGlobals) = postSolution
		SolutionGuid = {A2B6C53F-E8ED-4452-AD17-6CE1D1F7F7DA}
	EndGlobalSection
EndGlobal
