
Microsoft Visual Studio Solution File, Format Version 12.00
# Visual Studio Version 16
VisualStudioVersion = 16.0.31424.327
MinimumVisualStudioVersion = 10.0.40219.1
Project("{FAE04EC0-301F-11D3-BF4B-00C04F79EFBC}") = "AoC-2021", "AoC-2021\AoC-2021.csproj", "{9EEC9E12-77A4-40AA-94FF-1CE33FD0E5F2}"
EndProject
Global
	GlobalSection(SolutionConfigurationPlatforms) = preSolution
		Debug|Any CPU = Debug|Any CPU
		Release|Any CPU = Release|Any CPU
	EndGlobalSection
	GlobalSection(ProjectConfigurationPlatforms) = postSolution
		{9EEC9E12-77A4-40AA-94FF-1CE33FD0E5F2}.Debug|Any CPU.ActiveCfg = Debug|Any CPU
		{9EEC9E12-77A4-40AA-94FF-1CE33FD0E5F2}.Debug|Any CPU.Build.0 = Debug|Any CPU
		{9EEC9E12-77A4-40AA-94FF-1CE33FD0E5F2}.Release|Any CPU.ActiveCfg = Release|Any CPU
		{9EEC9E12-77A4-40AA-94FF-1CE33FD0E5F2}.Release|Any CPU.Build.0 = Release|Any CPU
	EndGlobalSection
	GlobalSection(SolutionProperties) = preSolution
		HideSolutionNode = FALSE
	EndGlobalSection
	GlobalSection(ExtensibilityGlobals) = postSolution
		SolutionGuid = {78D3E338-1EF8-4852-B2CF-46F98708E580}
	EndGlobalSection
EndGlobal
